
Microsoft Visual Studio Solution File, Format Version 12.00
# Visual Studio Version 16
VisualStudioVersion = 16.0.29306.81
MinimumVisualStudioVersion = 10.0.40219.1
Project("{9092AA53-FB77-4645-B42D-1CCCA6BD08BD}") = "NodejsWebApp2", "NodejsWebApp2.njsproj", "{1C349CCB-F654-4B9A-AA63-BA37EEB918CF}"
EndProject
Global
	GlobalSection(SolutionConfigurationPlatforms) = preSolution
		Debug|Any CPU = Debug|Any CPU
		Release|Any CPU = Release|Any CPU
	EndGlobalSection
	GlobalSection(ProjectConfigurationPlatforms) = postSolution
		{1C349CCB-F654-4B9A-AA63-BA37EEB918CF}.Debug|Any CPU.ActiveCfg = Debug|Any CPU
		{1C349CCB-F654-4B9A-AA63-BA37EEB918CF}.Debug|Any CPU.Build.0 = Debug|Any CPU
		{1C349CCB-F654-4B9A-AA63-BA37EEB918CF}.Release|Any CPU.ActiveCfg = Release|Any CPU
		{1C349CCB-F654-4B9A-AA63-BA37EEB918CF}.Release|Any CPU.Build.0 = Release|Any CPU
	EndGlobalSection
	GlobalSection(SolutionProperties) = preSolution
		HideSolutionNode = FALSE
	EndGlobalSection
	GlobalSection(ExtensibilityGlobals) = postSolution
		SolutionGuid = {269764E9-20A6-4ED9-8813-6F455D068782}
	EndGlobalSection
EndGlobal
